
Microsoft Visual Studio Solution File, Format Version 12.00
# Visual Studio Version 17
VisualStudioVersion = 17.2.32526.322
MinimumVisualStudioVersion = 10.0.40219.1
Project("{FAE04EC0-301F-11D3-BF4B-00C04F79EFBC}") = "Demo_Mvc_Project", "Demo_Mvc_Project\Demo_Mvc_Project.csproj", "{75DB9F68-7E12-4956-857F-80B06F9BE8FF}"
EndProject
Global
	GlobalSection(SolutionConfigurationPlatforms) = preSolution
		Debug|Any CPU = Debug|Any CPU
		Release|Any CPU = Release|Any CPU
	EndGlobalSection
	GlobalSection(ProjectConfigurationPlatforms) = postSolution
		{75DB9F68-7E12-4956-857F-80B06F9BE8FF}.Debug|Any CPU.ActiveCfg = Debug|Any CPU
		{75DB9F68-7E12-4956-857F-80B06F9BE8FF}.Debug|Any CPU.Build.0 = Debug|Any CPU
		{75DB9F68-7E12-4956-857F-80B06F9BE8FF}.Release|Any CPU.ActiveCfg = Release|Any CPU
		{75DB9F68-7E12-4956-857F-80B06F9BE8FF}.Release|Any CPU.Build.0 = Release|Any CPU
	EndGlobalSection
	GlobalSection(SolutionProperties) = preSolution
		HideSolutionNode = FALSE
	EndGlobalSection
	GlobalSection(ExtensibilityGlobals) = postSolution
		SolutionGuid = {FC6A44E6-C98E-48B9-BFF4-1DFA2D07D1BB}
	EndGlobalSection
EndGlobal
